interactions:
  - request:
      body: '{"user": {"hostname": "toto-laptop", "username": "toto", "machine_id":
        "1234567890", "user_email": "toto@gitguardian.com"}, "tool": "Write", "agent":
        "claude", "cwd": "/home/user/project", "secret_count": 2, "detectors": ["AWS
        Keys", "GitHub Token"]}'
      headers:
        Accept:
          - '*/*'
        Accept-Encoding:
          - gzip, deflate
        Connection:
          - keep-alive
        Content-Type:
          - application/json
        User-Agent:
          - pygitguardian/1.29.0 (Linux;py3.11.15)
      method: POST
      uri: https://api.gitguardian.com/v1/agent-activity/secret-block
    response:
      body:
        string: ''
      headers:
        Allow:
          - POST, OPTIONS
        Connection:
          - keep-alive
        Content-Length:
          - '0'
        Date:
          - Tue, 21 Apr 2026 09:57:44 GMT
        Server:
          - nginx/1.29.1
        X-App-Version:
          - dev
      status:
        code: 204
        message: No Content
    version: 1
